
Microsoft Visual Studio Solution File, Format Version 12.00
# Visual Studio Version 16
VisualStudioVersion = 16.0.29326.143
MinimumVisualStudioVersion = 10.0.40219.1
Project("{FAE04EC0-301F-11D3-BF4B-00C04F79EFBC}") = "Funktio-ja-aliohjelmat-1", "Funktio-ja-aliohjelmat-1\Funktio-ja-aliohjelmat-1.csproj", "{A44A8DE5-0D05-47BE-8BFB-405A0576511A}"
EndProject
Global
	GlobalSection(SolutionConfigurationPlatforms) = preSolution
		Debug|Any CPU = Debug|Any CPU
		Release|Any CPU = Release|Any CPU
	EndGlobalSection
	GlobalSection(ProjectConfigurationPlatforms) = postSolution
		{A44A8DE5-0D05-47BE-8BFB-405A0576511A}.Debug|Any CPU.ActiveCfg = Debug|Any CPU
		{A44A8DE5-0D05-47BE-8BFB-405A0576511A}.Debug|Any CPU.Build.0 = Debug|Any CPU
		{A44A8DE5-0D05-47BE-8BFB-405A0576511A}.Release|Any CPU.ActiveCfg = Release|Any CPU
		{A44A8DE5-0D05-47BE-8BFB-405A0576511A}.Release|Any CPU.Build.0 = Release|Any CPU
	EndGlobalSection
	GlobalSection(SolutionProperties) = preSolution
		HideSolutionNode = FALSE
	EndGlobalSection
	GlobalSection(ExtensibilityGlobals) = postSolution
		SolutionGuid = {F04B706A-1884-4814-93A5-AB14447E5803}
	EndGlobalSection
EndGlobal
