
Microsoft Visual Studio Solution File, Format Version 12.00
# Visual Studio Version 16
VisualStudioVersion = 16.0.29326.143
MinimumVisualStudioVersion = 10.0.40219.1
Project("{FAE04EC0-301F-11D3-BF4B-00C04F79EFBC}") = "Toistorakenne-Jatkuu-1", "Toistorakenne-Jatkuu-1\Toistorakenne-Jatkuu-1.csproj", "{4FC057CC-FA41-4690-98F8-DC603C2817F3}"
EndProject
Global
	GlobalSection(SolutionConfigurationPlatforms) = preSolution
		Debug|Any CPU = Debug|Any CPU
		Release|Any CPU = Release|Any CPU
	EndGlobalSection
	GlobalSection(ProjectConfigurationPlatforms) = postSolution
		{4FC057CC-FA41-4690-98F8-DC603C2817F3}.Debug|Any CPU.ActiveCfg = Debug|Any CPU
		{4FC057CC-FA41-4690-98F8-DC603C2817F3}.Debug|Any CPU.Build.0 = Debug|Any CPU
		{4FC057CC-FA41-4690-98F8-DC603C2817F3}.Release|Any CPU.ActiveCfg = Release|Any CPU
		{4FC057CC-FA41-4690-98F8-DC603C2817F3}.Release|Any CPU.Build.0 = Release|Any CPU
	EndGlobalSection
	GlobalSection(SolutionProperties) = preSolution
		HideSolutionNode = FALSE
	EndGlobalSection
	GlobalSection(ExtensibilityGlobals) = postSolution
		SolutionGuid = {1107B279-7836-4633-B4F3-2E1F87A4267B}
	EndGlobalSection
EndGlobal
