
Microsoft Visual Studio Solution File, Format Version 12.00
# Visual Studio Version 16
VisualStudioVersion = 16.0.29326.143
MinimumVisualStudioVersion = 10.0.40219.1
Project("{FAE04EC0-301F-11D3-BF4B-00C04F79EFBC}") = "do-while-for-5", "do-while-for-5\do-while-for-5.csproj", "{587A830C-7947-4B6C-8702-7D6329AF928C}"
EndProject
Global
	GlobalSection(SolutionConfigurationPlatforms) = preSolution
		Debug|Any CPU = Debug|Any CPU
		Release|Any CPU = Release|Any CPU
	EndGlobalSection
	GlobalSection(ProjectConfigurationPlatforms) = postSolution
		{587A830C-7947-4B6C-8702-7D6329AF928C}.Debug|Any CPU.ActiveCfg = Debug|Any CPU
		{587A830C-7947-4B6C-8702-7D6329AF928C}.Debug|Any CPU.Build.0 = Debug|Any CPU
		{587A830C-7947-4B6C-8702-7D6329AF928C}.Release|Any CPU.ActiveCfg = Release|Any CPU
		{587A830C-7947-4B6C-8702-7D6329AF928C}.Release|Any CPU.Build.0 = Release|Any CPU
	EndGlobalSection
	GlobalSection(SolutionProperties) = preSolution
		HideSolutionNode = FALSE
	EndGlobalSection
	GlobalSection(ExtensibilityGlobals) = postSolution
		SolutionGuid = {C78EC1E9-2BA4-419E-AA3E-FE5FD71CAC4F}
	EndGlobalSection
EndGlobal
