
Microsoft Visual Studio Solution File, Format Version 12.00
# Visual Studio Version 16
VisualStudioVersion = 16.0.29215.179
MinimumVisualStudioVersion = 10.0.40219.1
Project("{FAE04EC0-301F-11D3-BF4B-00C04F79EFBC}") = "EvenorOdd", "EvenorOdd\EvenorOdd.csproj", "{5A9AAD36-C977-4510-A44D-82B71B7C0386}"
EndProject
Global
	GlobalSection(SolutionConfigurationPlatforms) = preSolution
		Debug|Any CPU = Debug|Any CPU
		Release|Any CPU = Release|Any CPU
	EndGlobalSection
	GlobalSection(ProjectConfigurationPlatforms) = postSolution
		{5A9AAD36-C977-4510-A44D-82B71B7C0386}.Debug|Any CPU.ActiveCfg = Debug|Any CPU
		{5A9AAD36-C977-4510-A44D-82B71B7C0386}.Debug|Any CPU.Build.0 = Debug|Any CPU
		{5A9AAD36-C977-4510-A44D-82B71B7C0386}.Release|Any CPU.ActiveCfg = Release|Any CPU
		{5A9AAD36-C977-4510-A44D-82B71B7C0386}.Release|Any CPU.Build.0 = Release|Any CPU
	EndGlobalSection
	GlobalSection(SolutionProperties) = preSolution
		HideSolutionNode = FALSE
	EndGlobalSection
	GlobalSection(ExtensibilityGlobals) = postSolution
		SolutionGuid = {FC627F0A-3E47-4836-AB75-B88CFC423698}
	EndGlobalSection
EndGlobal
