
Microsoft Visual Studio Solution File, Format Version 12.00
# Visual Studio Version 16
VisualStudioVersion = 16.0.29613.14
MinimumVisualStudioVersion = 10.0.40219.1
Project("{FAE04EC0-301F-11D3-BF4B-00C04F79EFBC}") = "Array 2", "Array 2\Array 2.csproj", "{CE8B6079-CD62-4DB2-9F5E-D67B232A1BA0}"
EndProject
Global
	GlobalSection(SolutionConfigurationPlatforms) = preSolution
		Debug|Any CPU = Debug|Any CPU
		Release|Any CPU = Release|Any CPU
	EndGlobalSection
	GlobalSection(ProjectConfigurationPlatforms) = postSolution
		{CE8B6079-CD62-4DB2-9F5E-D67B232A1BA0}.Debug|Any CPU.ActiveCfg = Debug|Any CPU
		{CE8B6079-CD62-4DB2-9F5E-D67B232A1BA0}.Debug|Any CPU.Build.0 = Debug|Any CPU
		{CE8B6079-CD62-4DB2-9F5E-D67B232A1BA0}.Release|Any CPU.ActiveCfg = Release|Any CPU
		{CE8B6079-CD62-4DB2-9F5E-D67B232A1BA0}.Release|Any CPU.Build.0 = Release|Any CPU
	EndGlobalSection
	GlobalSection(SolutionProperties) = preSolution
		HideSolutionNode = FALSE
	EndGlobalSection
	GlobalSection(ExtensibilityGlobals) = postSolution
		SolutionGuid = {D8EF6798-E711-4D77-B832-AA727985F5A7}
	EndGlobalSection
EndGlobal
